{
  "name": "lib",
  "version": "1.0.0",
  "lockfileVersion": 1,
  "requires": true,
  "dependencies": {
    "adhan": {
      "version": "2.0.1",
      "resolved": "https://registry.npmjs.org/adhan/-/adhan-2.0.1.tgz",
      "integrity": "sha1-+ZEDAzaGFHB7Y/x27vu/eyd4eZU="
    },
    "hijri": {
      "version": "0.5.0",
      "resolved": "https://registry.npmjs.org/hijri/-/hijri-0.5.0.tgz",
      "integrity": "sha1-1WmfIxP2N7Y5CA6Qg45Ke654Ipo="
    }
  }
}
